# THIS IS AN AUTOGENERATED FILE. DO NOT EDIT THIS FILE DIRECTLY.
# yarn lockfile v1


"@lukeed/ms@^2.0.0":
  version "2.0.0"
  resolved "https://registry.yarnpkg.com/@lukeed/ms/-/ms-2.0.0.tgz#cacd4fcb81b1b285f21f8c7e3650874ef9383f1b"
  integrity sha512-NOlhE40rGptwLwJhE0ZW259hcoa+nkpQRQ1FUKV4Sr2z1Eh2WfkHQ3jjBNF7YEqOrF0TOpqnyU1wClvWBrXByg==

asn1.js@^5.3.0:
  version "5.4.1"
  resolved "https://registry.yarnpkg.com/asn1.js/-/asn1.js-5.4.1.tgz#11a980b84ebb91781ce35b0fdc2ee294e3783f07"
  integrity sha512-+I//4cYPccV8LdmBLiX8CYvf9Sp3vQsrqu2QNXRcrbiWvcx/UdlFiqUJJzxRQxgsZmvhXhn4cSKeSmoFjVdupA==
  dependencies:
    bn.js "^4.0.0"
    inherits "^2.0.1"
    minimalistic-assert "^1.0.0"
    safer-buffer "^2.1.0"

bn.js@^4.0.0:
  version "4.12.0"
  resolved "https://registry.yarnpkg.com/bn.js/-/bn.js-4.12.0.tgz#775b3f278efbb9718eec7361f483fb36fbbfea88"
  integrity sha512-c98Bf3tPniI+scsdk237ku1Dc3ujXQTSgyiPUDEOe7tRkhrqridvh8klBv0HCEso1OLOYcHuCv/cS6DNxKH+ZA==

clone@2.x:
  version "2.1.2"
  resolved "https://registry.yarnpkg.com/clone/-/clone-2.1.2.tgz#1b7f4b9f591f1e8f83670401600345a02887435f"
  integrity sha1-G39Ln1kfHo+DZwQBYANFoCiHQ18=

depd@~1.1.2:
  version "1.1.2"
  resolved "https://registry.yarnpkg.com/depd/-/depd-1.1.2.tgz#9bcd52e14c097763e749b274c4346ed2e560b5a9"
  integrity sha1-m81S4UwJd2PnSbJ0xDRu0uVgtak=

ecdsa-sig-formatter@^1.0.11:
  version "1.0.11"
  resolved "https://registry.yarnpkg.com/ecdsa-sig-formatter/-/ecdsa-sig-formatter-1.0.11.tgz#ae0f0fa2d85045ef14a817daa3ce9acd0489e5bf"
  integrity sha512-nagl3RYrbNv6kQkeJIpt6NJZy8twLB/2vtz6yN9Z4vRKHN4/QZJIEbqohALSgwKdnksuY3k5Addp5lg8sVoVcQ==
  dependencies:
    safe-buffer "^5.0.1"

fast-jwt@^1.3.2:
  version "1.3.2"
  resolved "https://registry.yarnpkg.com/fast-jwt/-/fast-jwt-1.3.2.tgz#b8177cfee38975cf03df3fab2583cfe237580a00"
  integrity sha512-iUQocVSrttQPp8Kqi1zBIczfusYptJnn7kqMTkfb7mTgqyZv9LiE1YmMuOvnAn0hvi5aHzzfk9RIGWfRz+/3Qw==
  dependencies:
    asn1.js "^5.3.0"
    ecdsa-sig-formatter "^1.0.11"
    mnemonist "^0.38.0"

fastfall@^1.5.0:
  version "1.5.1"
  resolved "https://registry.yarnpkg.com/fastfall/-/fastfall-1.5.1.tgz#3fee03331a49d1d39b3cdf7a5e9cd66f475e7b94"
  integrity sha1-P+4DMxpJ0dObPN96XpzWb0dee5Q=
  dependencies:
    reusify "^1.0.0"

fastify-jwt@^4.0.1:
  version "4.0.1"
  resolved "https://registry.yarnpkg.com/fastify-jwt/-/fastify-jwt-4.0.1.tgz#97db3ccb2cdc07a7548b896c5f7c9eb0546ed3a1"
  integrity sha512-K6hAi0HlQQjvwC5hJEihFqa2NKQ0ktqE2eh03jl+ZFS8r4aNrbAknUg8KQGyl4r79n3LYTWHNHVHUzWtYUiCkg==
  dependencies:
    "@lukeed/ms" "^2.0.0"
    fast-jwt "^1.3.2"
    fastify-plugin "^3.0.0"
    http-errors "^1.8.1"
    steed "^1.1.3"

fastify-plugin@^3.0.0:
  version "3.0.0"
  resolved "https://registry.yarnpkg.com/fastify-plugin/-/fastify-plugin-3.0.0.tgz#cf1b8c8098e3b5a7c8c30e6aeb06903370c054ca"
  integrity sha512-ZdCvKEEd92DNLps5n0v231Bha8bkz1DjnPP/aEz37rz/q42Z5JVLmgnqR4DYuNn3NXAO3IDCPyRvgvxtJ4Ym4w==

fastparallel@^2.2.0:
  version "2.4.1"
  resolved "https://registry.yarnpkg.com/fastparallel/-/fastparallel-2.4.1.tgz#0d984a5813ffa67f30b4a5cb4cb8cbe61c7ee5a5"
  integrity sha512-qUmhxPgNHmvRjZKBFUNI0oZuuH9OlSIOXmJ98lhKPxMZZ7zS/Fi0wRHOihDSz0R1YiIOjxzOY4bq65YTcdBi2Q==
  dependencies:
    reusify "^1.0.4"
    xtend "^4.0.2"

fastq@^1.3.0:
  version "1.13.0"
  resolved "https://registry.yarnpkg.com/fastq/-/fastq-1.13.0.tgz#616760f88a7526bdfc596b7cab8c18938c36b98c"
  integrity sha512-YpkpUnK8od0o1hmeSc7UUs/eB/vIPWJYjKck2QKIzAf71Vm1AAQ3EbuZB3g2JIy+pg+ERD0vqI79KyZiB2e2Nw==
  dependencies:
    reusify "^1.0.4"

fastseries@^1.7.0:
  version "1.7.2"
  resolved "https://registry.yarnpkg.com/fastseries/-/fastseries-1.7.2.tgz#d22ce13b9433dff3388d91dbd6b8bda9b21a0f4b"
  integrity sha1-0izhO5Qz3/M4jZHb1ri9qbIaD0s=
  dependencies:
    reusify "^1.0.0"
    xtend "^4.0.0"

http-errors@^1.8.1:
  version "1.8.1"
  resolved "https://registry.yarnpkg.com/http-errors/-/http-errors-1.8.1.tgz#7c3f28577cbc8a207388455dbd62295ed07bd68c"
  integrity sha512-Kpk9Sm7NmI+RHhnj6OIWDI1d6fIoFAtFt9RLaTMRlg/8w49juAStsrBgp0Dp4OdxdVbRIeKhtCUvoi/RuAhO4g==
  dependencies:
    depd "~1.1.2"
    inherits "2.0.4"
    setprototypeof "1.2.0"
    statuses ">= 1.5.0 < 2"
    toidentifier "1.0.1"

inherits@2.0.4, inherits@^2.0.1:
  version "2.0.4"
  resolved "https://registry.yarnpkg.com/inherits/-/inherits-2.0.4.tgz#0fa2c64f932917c3433a0ded55363aae37416b7c"
  integrity sha512-k/vGaX4/Yla3WzyMCvTQOXYeIHvqOKtnqBduzTHpzpQZzAskKMhZ2K+EnBiSM9zGSoIFeMpXKxa4dYeZIQqewQ==

minimalistic-assert@^1.0.0:
  version "1.0.1"
  resolved "https://registry.yarnpkg.com/minimalistic-assert/-/minimalistic-assert-1.0.1.tgz#2e194de044626d4a10e7f7fbc00ce73e83e4d5c7"
  integrity sha512-UtJcAD4yEaGtjPezWuO9wC4nwUnVH/8/Im3yEHQP4b67cXlD/Qr9hdITCU1xDbSEXg2XKNaP8jsReV7vQd00/A==

mnemonist@^0.38.0:
  version "0.38.5"
  resolved "https://registry.yarnpkg.com/mnemonist/-/mnemonist-0.38.5.tgz#4adc7f4200491237fe0fa689ac0b86539685cade"
  integrity sha512-bZTFT5rrPKtPJxj8KSV0WkPyNxl72vQepqqVUAW2ARUpUSF2qXMB6jZj7hW5/k7C1rtpzqbD/IIbJwLXUjCHeg==
  dependencies:
    obliterator "^2.0.0"

node-cache@^5.1.2:
  version "5.1.2"
  resolved "https://registry.yarnpkg.com/node-cache/-/node-cache-5.1.2.tgz#f264dc2ccad0a780e76253a694e9fd0ed19c398d"
  integrity sha512-t1QzWwnk4sjLWaQAS8CHgOJ+RAfmHpxFWmc36IWTiWHQfs0w5JDMBS1b1ZxQteo0vVVuWJvIUKHDkkeK7vIGCg==
  dependencies:
    clone "2.x"

obliterator@^2.0.0:
  version "2.0.1"
  resolved "https://registry.yarnpkg.com/obliterator/-/obliterator-2.0.1.tgz#fbdd873bf39fc4f365a53b1fc86617a22526987c"
  integrity sha512-XnkiCrrBcIZQitJPAI36mrrpEUvatbte8hLcTcQwKA1v9NkCKasSi+UAguLsLDs/out7MoRzAlmz7VXvY6ph6w==

reusify@^1.0.0, reusify@^1.0.4:
  version "1.0.4"
  resolved "https://registry.yarnpkg.com/reusify/-/reusify-1.0.4.tgz#90da382b1e126efc02146e90845a88db12925d76"
  integrity sha512-U9nH88a3fc/ekCF1l0/UP1IosiuIjyTh7hBvXVMHYgVcfGvt897Xguj2UOLDeI5BG2m7/uwyaLVT6fbtCwTyzw==

safe-buffer@^5.0.1:
  version "5.2.1"
  resolved "https://registry.yarnpkg.com/safe-buffer/-/safe-buffer-5.2.1.tgz#1eaf9fa9bdb1fdd4ec75f58f9cdb4e6b7827eec6"
  integrity sha512-rp3So07KcdmmKbGvgaNxQSJr7bGVSVk5S9Eq1F+ppbRo70+YeaDxkw5Dd8NPN+GD6bjnYm2VuPuCXmpuYvmCXQ==

safer-buffer@^2.1.0:
  version "2.1.2"
  resolved "https://registry.yarnpkg.com/safer-buffer/-/safer-buffer-2.1.2.tgz#44fa161b0187b9549dd84bb91802f9bd8385cd6a"
  integrity sha512-YZo3K82SD7Riyi0E1EQPojLz7kpepnSQI9IyPbHHg1XXXevb5dJI7tpyN2ADxGcQbHG7vcyRHk0cbwqcQriUtg==

setprototypeof@1.2.0:
  version "1.2.0"
  resolved "https://registry.yarnpkg.com/setprototypeof/-/setprototypeof-1.2.0.tgz#66c9a24a73f9fc28cbe66b09fed3d33dcaf1b424"
  integrity sha512-E5LDX7Wrp85Kil5bhZv46j8jOeboKq5JMmYM3gVGdGH8xFpPWXUMsNrlODCrkoxMEeNi/XZIwuRvY4XNwYMJpw==

"statuses@>= 1.5.0 < 2":
  version "1.5.0"
  resolved "https://registry.yarnpkg.com/statuses/-/statuses-1.5.0.tgz#161c7dac177659fd9811f43771fa99381478628c"
  integrity sha1-Fhx9rBd2Wf2YEfQ3cfqZOBR4Yow=

steed@^1.1.3:
  version "1.1.3"
  resolved "https://registry.yarnpkg.com/steed/-/steed-1.1.3.tgz#f1525dd5adb12eb21bf74749537668d625b9abc5"
  integrity sha1-8VJd1a2xLrIb90dJU3Zo1iW5q8U=
  dependencies:
    fastfall "^1.5.0"
    fastparallel "^2.2.0"
    fastq "^1.3.0"
    fastseries "^1.7.0"
    reusify "^1.0.0"

toidentifier@1.0.1:
  version "1.0.1"
  resolved "https://registry.yarnpkg.com/toidentifier/-/toidentifier-1.0.1.tgz#3be34321a88a820ed1bd80dfaa33e479fbb8dd35"
  integrity sha512-o5sSPKEkg/DIQNmH43V0/uerLrpzVedkUh8tGNvaeXpfpuwjKenlSox/2O/BTlZUtEe+JG7s5YhEz608PlAHRA==

xtend@^4.0.0, xtend@^4.0.2:
  version "4.0.2"
  resolved "https://registry.yarnpkg.com/xtend/-/xtend-4.0.2.tgz#bb72779f5fa465186b1f438f674fa347fdb5db54"
  integrity sha512-LKYU1iAXJXUgAXn9URjiu+MWhyUXHsvfp7mcuYm9dSUKK0/CjtrUwFAxD82/mCWbtLsGjFIad0wIsod4zrTAEQ==
